<?xml version="1.0" encoding="utf-8"?>
<Project ToolsVersion="4.0" xmlns="http://schemas.microsoft.com/developer/msbuild/2003">
  <ItemGroup>
    <Filter Include="Source">
      <UniqueIdentifier>{D5244A3B-1E79-44FE-A750-B3219574B131}</UniqueIdentifier>
      <Extensions>cpp;c;cc;cxx;c++;cppm;ixx</Extensions>
    </Filter>
    <Filter Include="Header">
      <UniqueIdentifier>{4468BE64-FB72-41C7-9690-192455FFBB1F}</UniqueIdentifier>
      <Extensions>h;hh;hpp;hxx;h++;hm;inl;inc</Extensions>
    </Filter>
    <Filter Include="ImGui">
      <UniqueIdentifier>{E4931C77-40F3-4A2D-B1B9-0285CCAD0E67}</UniqueIdentifier>
    </Filter>
  </ItemGroup>
  <ItemGroup>
    <ClCompile Include="AIAnimationWindow.cpp">
      <Filter>Source</Filter>
    </ClCompile>
    <ClCompile Include="AnimationBuilder.cpp">
      <Filter>Source</Filter>
    </ClCompile>
    <ClCompile Include="AnimationCommandParser.cpp">
      <Filter>Source</Filter>
    </ClCompile>
    <ClCompile Include="AnimationData.cpp">
      <Filter>Source</Filter>
    </ClCompile>
    <ClCompile Include="AnimationPreview.cpp">
      <Filter>Source</Filter>
    </ClCompile>
    <ClCompile Include="AnimationSerializer.cpp">
      <Filter>Source</Filter>
    </ClCompile>
    <ClCompile Include="GeminiClient.cpp">
      <Filter>Source</Filter>
    </ClCompile>
    <ClCompile Include="StandaloneD3D12.cpp">
      <Filter>Source</Filter>
    </ClCompile>
    <ClCompile Include="TextureLoader.cpp">
      <Filter>Source</Filter>
    </ClCompile>
    <ClCompile Include="UIAnimationEditorApp.cpp">
      <Filter>Source</Filter>
    </ClCompile>
    <ClCompile Include="main.cpp">
      <Filter>Source</Filter>
    </ClCompile>
    <ClCompile Include="..\..\externals\imgui\imgui.cpp">
      <Filter>ImGui</Filter>
    </ClCompile>
    <ClCompile Include="..\..\externals\imgui\imgui_draw.cpp">
      <Filter>ImGui</Filter>
    </ClCompile>
    <ClCompile Include="..\..\externals\imgui\imgui_impl_dx12.cpp">
      <Filter>ImGui</Filter>
    </ClCompile>
    <ClCompile Include="..\..\externals\imgui\imgui_impl_win32.cpp">
      <Filter>ImGui</Filter>
    </ClCompile>
    <ClCompile Include="..\..\externals\imgui\imgui_tables.cpp">
      <Filter>ImGui</Filter>
    </ClCompile>
    <ClCompile Include="..\..\externals\imgui\imgui_widgets.cpp">
      <Filter>ImGui</Filter>
    </ClCompile>
  </ItemGroup>
  <ItemGroup>
    <ClInclude Include="AIAnimationWindow.h">
      <Filter>Header</Filter>
    </ClInclude>
    <ClInclude Include="AnimationBuilder.h">
      <Filter>Header</Filter>
    </ClInclude>
    <ClInclude Include="AnimationCommandParser.h">
      <Filter>Header</Filter>
    </ClInclude>
    <ClInclude Include="AnimationData.h">
      <Filter>Header</Filter>
    </ClInclude>
    <ClInclude Include="AnimationPreview.h">
      <Filter>Header</Filter>
    </ClInclude>
    <ClInclude Include="AnimationSerializer.h">
      <Filter>Header</Filter>
    </ClInclude>
    <ClInclude Include="GeminiClient.h">
      <Filter>Header</Filter>
    </ClInclude>
    <ClInclude Include="IAIClient.h">
      <Filter>Header</Filter>
    </ClInclude>
    <ClInclude Include="StandaloneD3D12.h">
      <Filter>Header</Filter>
    </ClInclude>
    <ClInclude Include="TextureLoader.h">
      <Filter>Header</Filter>
    </ClInclude>
    <ClInclude Include="UIAnimationEditorApp.h">
      <Filter>Header</Filter>
    </ClInclude>
  </ItemGroup>
</Project>
